{
  "name": "ComGen-web",
  "lockfileVersion": 2,
  "requires": true,
  "packages": {
    "": {
      "dependencies": {
        "minecraft-framework-css": "^1.1.9"
      }
    },
    "node_modules/minecraft-framework-css": {
      "version": "1.1.9",
      "resolved": "https://registry.npmjs.org/minecraft-framework-css/-/minecraft-framework-css-1.1.9.tgz",
      "integrity": "sha512-yYIehqDIYxeSrXaXm54cqZLty3TgxSZoZnFsnPHwb9A47U405Nq6y8Mp5NOanxnIS+n1amr+fwp7R2sk+HskNw==",
      "deprecated": "Package no longer supported. Contact Support at https://www.npmjs.com/support for more info."
    }
  },
  "dependencies": {
    "minecraft-framework-css": {
      "version": "1.1.9",
      "resolved": "https://registry.npmjs.org/minecraft-framework-css/-/minecraft-framework-css-1.1.9.tgz",
      "integrity": "sha512-yYIehqDIYxeSrXaXm54cqZLty3TgxSZoZnFsnPHwb9A47U405Nq6y8Mp5NOanxnIS+n1amr+fwp7R2sk+HskNw=="
    }
  }
}
